
Microsoft Visual Studio Solution File, Format Version 12.00
# Visual Studio Version 16
VisualStudioVersion = 16.0.31424.327
MinimumVisualStudioVersion = 10.0.40219.1
Project("{FAE04EC0-301F-11D3-BF4B-00C04F79EFBC}") = "Calculadora", "Calculadora\Calculadora.csproj", "{09743365-1244-468E-B5DD-5B4F44E2032A}"
EndProject
Global
	GlobalSection(SolutionConfigurationPlatforms) = preSolution
		Debug|Any CPU = Debug|Any CPU
		Release|Any CPU = Release|Any CPU
	EndGlobalSection
	GlobalSection(ProjectConfigurationPlatforms) = postSolution
		{09743365-1244-468E-B5DD-5B4F44E2032A}.Debug|Any CPU.ActiveCfg = Debug|Any CPU
		{09743365-1244-468E-B5DD-5B4F44E2032A}.Debug|Any CPU.Build.0 = Debug|Any CPU
		{09743365-1244-468E-B5DD-5B4F44E2032A}.Release|Any CPU.ActiveCfg = Release|Any CPU
		{09743365-1244-468E-B5DD-5B4F44E2032A}.Release|Any CPU.Build.0 = Release|Any CPU
	EndGlobalSection
	GlobalSection(SolutionProperties) = preSolution
		HideSolutionNode = FALSE
	EndGlobalSection
	GlobalSection(ExtensibilityGlobals) = postSolution
		SolutionGuid = {1C6A33F5-0E07-456D-BE70-0F2FC2169310}
	EndGlobalSection
EndGlobal
